{
  "version": 4,
  "terraform_version": "1.9.8",
  "serial": 15,
  "lineage": "558331f3-f67c-9548-4677-1c96155809df",
  "outputs": {},
  "resources": [
    {
      "mode": "managed",
      "type": "google_compute_network",
      "name": "vpc-network",
      "provider": "provider[\"registry.terraform.io/hashicorp/google\"]",
      "instances": [
        {
          "schema_version": 0,
          "attributes": {
            "auto_create_subnetworks": false,
            "delete_default_routes_on_create": false,
            "description": "",
            "gateway_ipv4": "",
            "id": "projects/integrationproject2-project2/global/networks/vpc-network",
            "ipv4_range": null,
            "name": "vpc-network",
            "project": "integrationproject2-project2",
            "routing_mode": "REGIONAL",
            "self_link": "https://www.googleapis.com/compute/v1/projects/integrationproject2-project2/global/networks/vpc-network",
            "timeouts": null
          },
          "sensitive_attributes": [],
          "private": "eyJlMmJmYjczMC1lY2FhLTExZTYtOGY4OC0zNDM2M2JjN2M0YzAiOnsiY3JlYXRlIjoyNDAwMDAwMDAwMDAsImRlbGV0ZSI6MjQwMDAwMDAwMDAwLCJ1cGRhdGUiOjI0MDAwMDAwMDAwMH19"
        }
      ]
    },
    {
      "mode": "managed",
      "type": "google_compute_router",
      "name": "router",
      "provider": "provider[\"registry.terraform.io/hashicorp/google\"]",
      "instances": [
        {
          "schema_version": 0,
          "attributes": {
            "bgp": [],
            "creation_timestamp": "2024-11-17T07:17:38.460-08:00",
            "description": "",
            "id": "projects/integrationproject2-project2/regions/us-central1/routers/router",
            "name": "router",
            "network": "https://www.googleapis.com/compute/v1/projects/integrationproject2-project2/global/networks/vpc-network",
            "project": "integrationproject2-project2",
            "region": "us-central1",
            "self_link": "https://www.googleapis.com/compute/v1/projects/integrationproject2-project2/regions/us-central1/routers/router",
            "timeouts": null
          },
          "sensitive_attributes": [],
          "private": "eyJlMmJmYjczMC1lY2FhLTExZTYtOGY4OC0zNDM2M2JjN2M0YzAiOnsiY3JlYXRlIjoyNDAwMDAwMDAwMDAsImRlbGV0ZSI6MjQwMDAwMDAwMDAwLCJ1cGRhdGUiOjI0MDAwMDAwMDAwMH19",
          "dependencies": [
            "google_compute_network.vpc-network"
          ]
        }
      ]
    },
    {
      "mode": "managed",
      "type": "google_compute_router_nat",
      "name": "nat",
      "provider": "provider[\"registry.terraform.io/hashicorp/google\"]",
      "instances": [
        {
          "schema_version": 0,
          "attributes": {
            "icmp_idle_timeout_sec": 30,
            "id": "integrationproject2-project2/us-central1/router/nat",
            "log_config": [],
            "min_ports_per_vm": 0,
            "name": "nat",
            "nat_ip_allocate_option": "AUTO_ONLY",
            "nat_ips": null,
            "project": "integrationproject2-project2",
            "region": "us-central1",
            "router": "router",
            "source_subnetwork_ip_ranges_to_nat": "ALL_SUBNETWORKS_ALL_IP_RANGES",
            "subnetwork": [],
            "tcp_established_idle_timeout_sec": 1200,
            "tcp_transitory_idle_timeout_sec": 30,
            "timeouts": null,
            "udp_idle_timeout_sec": 30
          },
          "sensitive_attributes": [],
          "private": "eyJlMmJmYjczMC1lY2FhLTExZTYtOGY4OC0zNDM2M2JjN2M0YzAiOnsiY3JlYXRlIjo2MDAwMDAwMDAwMDAsImRlbGV0ZSI6NjAwMDAwMDAwMDAwLCJ1cGRhdGUiOjYwMDAwMDAwMDAwMH19",
          "dependencies": [
            "google_compute_network.vpc-network",
            "google_compute_router.router"
          ]
        }
      ]
    },
    {
      "mode": "managed",
      "type": "google_compute_subnetwork",
      "name": "subnetwork",
      "provider": "provider[\"registry.terraform.io/hashicorp/google\"]",
      "instances": [
        {
          "schema_version": 0,
          "attributes": {
            "creation_timestamp": "2024-11-17T07:17:38.088-08:00",
            "description": "",
            "enable_flow_logs": null,
            "fingerprint": null,
            "gateway_address": "10.0.0.1",
            "id": "projects/integrationproject2-project2/regions/us-central1/subnetworks/subnetwork",
            "ip_cidr_range": "10.0.0.0/16",
            "log_config": [],
            "name": "subnetwork",
            "network": "https://www.googleapis.com/compute/v1/projects/integrationproject2-project2/global/networks/vpc-network",
            "private_ip_google_access": false,
            "project": "integrationproject2-project2",
            "region": "us-central1",
            "secondary_ip_range": [],
            "self_link": "https://www.googleapis.com/compute/v1/projects/integrationproject2-project2/regions/us-central1/subnetworks/subnetwork",
            "timeouts": null
          },
          "sensitive_attributes": [],
          "private": "eyJlMmJmYjczMC1lY2FhLTExZTYtOGY4OC0zNDM2M2JjN2M0YzAiOnsiY3JlYXRlIjozNjAwMDAwMDAwMDAsImRlbGV0ZSI6MzYwMDAwMDAwMDAwLCJ1cGRhdGUiOjM2MDAwMDAwMDAwMH19",
          "dependencies": [
            "google_compute_network.vpc-network"
          ]
        }
      ]
    },
    {
      "mode": "managed",
      "type": "google_container_cluster",
      "name": "kubernetes-cluster",
      "provider": "provider[\"registry.terraform.io/hashicorp/google\"]",
      "instances": [
        {
          "schema_version": 1,
          "attributes": {
            "additional_zones": [],
            "addons_config": [
              {
                "horizontal_pod_autoscaling": [],
                "http_load_balancing": [],
                "kubernetes_dashboard": [],
                "network_policy_config": [
                  {
                    "disabled": true
                  }
                ]
              }
            ],
            "authenticator_groups_config": [],
            "cluster_autoscaling": [
              {
                "auto_provisioning_defaults": [],
                "enabled": false,
                "resource_limits": []
              }
            ],
            "cluster_ipv4_cidr": "10.112.0.0/14",
            "default_max_pods_per_node": 110,
            "description": "",
            "enable_binary_authorization": null,
            "enable_intranode_visibility": null,
            "enable_kubernetes_alpha": false,
            "enable_legacy_abac": false,
            "enable_tpu": null,
            "endpoint": "34.56.213.122",
            "id": "projects/integrationproject2-project2/locations/us-central1-c/clusters/cluster-1",
            "initial_node_count": 3,
            "instance_group_urls": [
              "https://www.googleapis.com/compute/v1/projects/integrationproject2-project2/zones/us-central1-c/instanceGroups/gke-cluster-1-default-pool-b60e7f83-grp"
            ],
            "ip_allocation_policy": [
              {
                "cluster_ipv4_cidr_block": "10.112.0.0/14",
                "cluster_secondary_range_name": "gke-cluster-1-pods-f7849b5a",
                "create_subnetwork": false,
                "node_ipv4_cidr_block": "",
                "services_ipv4_cidr_block": "34.118.224.0/20",
                "services_secondary_range_name": "",
                "subnetwork_name": "",
                "use_ip_aliases": false
              }
            ],
            "location": "us-central1-c",
            "logging_service": "logging.googleapis.com/kubernetes",
            "maintenance_policy": [],
            "master_auth": [
              {
                "client_certificate": "",
                "client_certificate_config": [
                  {
                    "issue_client_certificate": false
                  }
                ],
                "client_key": "",
                "cluster_ca_certificate": "LS0tLS1CRUdJTiBDRVJUSUZJQ0FURS0tLS0tCk1JSUVMRENDQXBTZ0F3SUJBZ0lRZnlUOC9JMWUvaHNiVC9WaURQVy9wakFOQmdrcWhraUc5dzBCQVFzRkFEQXYKTVMwd0t3WURWUVFERXlSalkyTXpOMkkwTkMwNVpqa3pMVFE0TWpJdE9XUTFZUzB3TURnNVpEaGtObUU1T1dZdwpJQmNOTWpReE1URTNNVFF4TnpVM1doZ1BNakExTkRFeE1UQXhOVEUzTlRkYU1DOHhMVEFyQmdOVkJBTVRKR05qCll6TTNZalEwTFRsbU9UTXRORGd5TWkwNVpEVmhMVEF3T0Rsa09HUTJZVGs1WmpDQ0FhSXdEUVlKS29aSWh2Y04KQVFFQkJRQURnZ0dQQURDQ0FZb0NnZ0dCQU5KcDRoTjVtTVdIRkZvZ0pFWnc5Nk45eGVCZFVPQlFCNmUyRi9XMgo3dTNab0RqcHpDbmIwdGxNenpzN0RuaERyTkUvby9BalZkUk9yNXFXWkhMaTkxTEhlcEdhMG1NZnJ6WG9jdzVXCjJvTHVMemhsVGdGQkU2ZmJqVjdic0JmWTI4SzBmMkZZL1NKdS9yZ05NcWc1WXl2NG9FWmFRUnV4a1p6TUFXTVgKL2EwZERQYysrUmg4UFFTZm8wSzBmc0VYRjVUdmdwWDJ6dlA2TzFMWjBaR3o1b1VLM1kzM015SFFaZkFEZUpGdwpsY0ZyT0VvY0Z4eWdyQkR5MVVHU3VuVnI2SEh0VGFHekRMUVNlc216UHdsVlFOOXY3dzNoN1Bua0hWTWtTWGp3Cm9VNEIwQjNpYUdtenlkZ1RadVFEMStGaUE1ZU5UdDl0bG1ncUV6WHl1a0NyWXhOMzhlSDNLRHV2bFBFMHN6UEUKZWdCUnhOS3FTQVhkUEJFbXNjNDJZKzNFcVdKSnl4bU1GMXdkdHFZNWdvVHZoaitKNmIxY3hudEJ2UTVwM21TVwpGcDRSMnJnOVVyZlV2S3FkUVM0Njg0UVRnaTFYRmc1bGVtV0N0dkRZVlR1ZjhQV29qWUYvTGxqMVRvZnNHNWxvCklzRVc3ZStadW41c3B6R0gxU2IwVUFBY21RSURBUUFCbzBJd1FEQU9CZ05WSFE4QkFmOEVCQU1DQWdRd0R3WUQKVlIwVEFRSC9CQVV3QXdFQi96QWRCZ05WSFE0RUZnUVVpb3dDaGRWM0hFM3hXNHdJV0tZejZ4ZEVHRWN3RFFZSgpLb1pJaHZjTkFRRUxCUUFEZ2dHQkFNSzgzYWhrSzc4dlFxS2tJZzAvcUpLQnc4aTUxQU43OVhQdGppcnV4SUJZCm85WHFrVXpLTUkrRGg3WnlmejhaWXBPSDRzVW9ibUx2ZWVKK3RyRzIvS1Mrd0lUT08xd3RnSm4xRmxKVnoxdDYKbHZoTzZsNldBSU9JbTRhay83OXhCKzQvYW1rQldGK0RxYUptdXpDNHM2UUNCUUhBay8vbEhWY1JKdGI1ODE5RApRMEJLcXhrWFZCaElLbk1xR25seSswam82eWZsK2NVZmNWYkhuR25HSzl2aDdnQ0NsRzZpdTFsbDY5dUxrdXk3ClM0M0xobnVjL3Axd01pMVpCdTZwQU5lVUlzZEtCN1poNDUxTU0zNmZaaHNGRVRDYlpTMDdWbjhrV0RhZHJ6LzYKNGVoQnJBWXc5UUhnbWgwVFgyQXd5V0RtdUMxRHBFMCtEamtJYlg1UkJYV0tIOWdIQTR6K3FhWDcwOXBJQjlTSwpKbFh2V2xRby94QVBCVSt6d2JSOFA1QTZCMXExZDY2dVNBVGFDWEdqc0tnL25GU1BVU0hSNG8rRTdkdTUrNWhOCnVERUdxd0FlU1BsNkx0djZFZWF3aDE3UVREcnZscTAxY1A5cnlYMlRnK3hsOEhXR29Sdk1WVXoxNVRLL1BmOHgKbytFekpYYUQrRzV6MDRGOWVDZ2hiQT09Ci0tLS0tRU5EIENFUlRJRklDQVRFLS0tLS0K",
                "password": "",
                "username": ""
              }
            ],
            "master_authorized_networks_config": [],
            "master_version": "1.30.5-gke.1443001",
            "min_master_version": null,
            "monitoring_service": "monitoring.googleapis.com/kubernetes",
            "name": "cluster-1",
            "network": "projects/integrationproject2-project2/global/networks/vpc-network",
            "network_policy": [
              {
                "enabled": false,
                "provider": "PROVIDER_UNSPECIFIED"
              }
            ],
            "node_config": [
              {
                "disk_size_gb": 20,
                "disk_type": "pd-standard",
                "guest_accelerator": [],
                "image_type": "COS_CONTAINERD",
                "labels": {},
                "local_ssd_count": 0,
                "machine_type": "n1-standard-1",
                "metadata": {
                  "disable-legacy-endpoints": "true"
                },
                "min_cpu_platform": "",
                "oauth_scopes": [
                  "https://www.googleapis.com/auth/devstorage.read_only",
                  "https://www.googleapis.com/auth/logging.write",
                  "https://www.googleapis.com/auth/monitoring",
                  "https://www.googleapis.com/auth/service.management.readonly",
                  "https://www.googleapis.com/auth/servicecontrol",
                  "https://www.googleapis.com/auth/sqlservice.admin"
                ],
                "preemptible": false,
                "sandbox_config": [],
                "service_account": "default",
                "shielded_instance_config": [
                  {
                    "enable_integrity_monitoring": true,
                    "enable_secure_boot": false
                  }
                ],
                "tags": null,
                "taint": [],
                "workload_metadata_config": []
              }
            ],
            "node_locations": [],
            "node_pool": [
              {
                "autoscaling": [],
                "initial_node_count": 3,
                "instance_group_urls": [
                  "https://www.googleapis.com/compute/v1/projects/integrationproject2-project2/zones/us-central1-c/instanceGroupManagers/gke-cluster-1-default-pool-b60e7f83-grp"
                ],
                "management": [
                  {
                    "auto_repair": true,
                    "auto_upgrade": true
                  }
                ],
                "max_pods_per_node": 110,
                "name": "default-pool",
                "name_prefix": "",
                "node_config": [
                  {
                    "disk_size_gb": 20,
                    "disk_type": "pd-standard",
                    "guest_accelerator": [],
                    "image_type": "COS_CONTAINERD",
                    "labels": {},
                    "local_ssd_count": 0,
                    "machine_type": "n1-standard-1",
                    "metadata": {
                      "disable-legacy-endpoints": "true"
                    },
                    "min_cpu_platform": "",
                    "oauth_scopes": [
                      "https://www.googleapis.com/auth/devstorage.read_only",
                      "https://www.googleapis.com/auth/logging.write",
                      "https://www.googleapis.com/auth/monitoring",
                      "https://www.googleapis.com/auth/service.management.readonly",
                      "https://www.googleapis.com/auth/servicecontrol",
                      "https://www.googleapis.com/auth/sqlservice.admin"
                    ],
                    "preemptible": false,
                    "sandbox_config": [],
                    "service_account": "default",
                    "shielded_instance_config": [
                      {
                        "enable_integrity_monitoring": true,
                        "enable_secure_boot": false
                      }
                    ],
                    "tags": [],
                    "taint": [],
                    "workload_metadata_config": []
                  }
                ],
                "node_count": 3,
                "version": "1.30.5-gke.1443001"
              }
            ],
            "node_version": "1.30.5-gke.1443001",
            "operation": null,
            "pod_security_policy_config": null,
            "private_cluster_config": [
              {
                "enable_private_endpoint": false,
                "enable_private_nodes": false,
                "master_ipv4_cidr_block": "",
                "private_endpoint": "10.0.0.2",
                "public_endpoint": "34.56.213.122"
              }
            ],
            "project": "integrationproject2-project2",
            "region": null,
            "remove_default_node_pool": null,
            "resource_labels": null,
            "services_ipv4_cidr": "34.118.224.0/20",
            "subnetwork": "projects/integrationproject2-project2/regions/us-central1/subnetworks/subnetwork",
            "timeouts": null,
            "vertical_pod_autoscaling": [],
            "zone": null
          },
          "sensitive_attributes": [
            [
              {
                "type": "get_attr",
                "value": "master_auth"
              },
              {
                "type": "index",
                "value": {
                  "value": 0,
                  "type": "number"
                }
              },
              {
                "type": "get_attr",
                "value": "client_key"
              }
            ],
            [
              {
                "type": "get_attr",
                "value": "master_auth"
              },
              {
                "type": "index",
                "value": {
                  "value": 0,
                  "type": "number"
                }
              },
              {
                "type": "get_attr",
                "value": "password"
              }
            ]
          ],
          "private": "eyJlMmJmYjczMC1lY2FhLTExZTYtOGY4OC0zNDM2M2JjN2M0YzAiOnsiY3JlYXRlIjoyNDAwMDAwMDAwMDAwLCJkZWxldGUiOjI0MDAwMDAwMDAwMDAsInVwZGF0ZSI6MzYwMDAwMDAwMDAwMH0sInNjaGVtYV92ZXJzaW9uIjoiMSJ9",
          "dependencies": [
            "google_compute_network.vpc-network",
            "google_compute_subnetwork.subnetwork"
          ]
        }
      ]
    },
    {
      "mode": "managed",
      "type": "google_project_service",
      "name": "cloud_sql",
      "provider": "provider[\"registry.terraform.io/hashicorp/google\"]",
      "instances": [
        {
          "schema_version": 0,
          "attributes": {
            "disable_dependent_services": null,
            "disable_on_destroy": true,
            "id": "integrationproject2-project2/sqladmin.googleapis.com",
            "project": "integrationproject2-project2",
            "service": "sqladmin.googleapis.com",
            "timeouts": null
          },
          "sensitive_attributes": [],
          "private": "eyJlMmJmYjczMC1lY2FhLTExZTYtOGY4OC0zNDM2M2JjN2M0YzAiOnsiY3JlYXRlIjoxMjAwMDAwMDAwMDAwLCJkZWxldGUiOjEyMDAwMDAwMDAwMDAsInJlYWQiOjYwMDAwMDAwMDAwMCwidXBkYXRlIjoxMjAwMDAwMDAwMDAwfX0="
        }
      ]
    },
    {
      "mode": "managed",
      "type": "google_project_service",
      "name": "compute_engine",
      "provider": "provider[\"registry.terraform.io/hashicorp/google\"]",
      "instances": [
        {
          "schema_version": 0,
          "attributes": {
            "disable_dependent_services": null,
            "disable_on_destroy": true,
            "id": "integrationproject2-project2/compute.googleapis.com",
            "project": "integrationproject2-project2",
            "service": "compute.googleapis.com",
            "timeouts": null
          },
          "sensitive_attributes": [],
          "private": "eyJlMmJmYjczMC1lY2FhLTExZTYtOGY4OC0zNDM2M2JjN2M0YzAiOnsiY3JlYXRlIjoxMjAwMDAwMDAwMDAwLCJkZWxldGUiOjEyMDAwMDAwMDAwMDAsInJlYWQiOjYwMDAwMDAwMDAwMCwidXBkYXRlIjoxMjAwMDAwMDAwMDAwfX0="
        }
      ]
    },
    {
      "mode": "managed",
      "type": "google_project_service",
      "name": "iam",
      "provider": "provider[\"registry.terraform.io/hashicorp/google\"]",
      "instances": [
        {
          "schema_version": 0,
          "attributes": {
            "disable_dependent_services": null,
            "disable_on_destroy": true,
            "id": "integrationproject2-project2/iam.googleapis.com",
            "project": "integrationproject2-project2",
            "service": "iam.googleapis.com",
            "timeouts": null
          },
          "sensitive_attributes": [],
          "private": "eyJlMmJmYjczMC1lY2FhLTExZTYtOGY4OC0zNDM2M2JjN2M0YzAiOnsiY3JlYXRlIjoxMjAwMDAwMDAwMDAwLCJkZWxldGUiOjEyMDAwMDAwMDAwMDAsInJlYWQiOjYwMDAwMDAwMDAwMCwidXBkYXRlIjoxMjAwMDAwMDAwMDAwfX0="
        }
      ]
    },
    {
      "mode": "managed",
      "type": "google_project_service",
      "name": "kubernetes_engine",
      "provider": "provider[\"registry.terraform.io/hashicorp/google\"]",
      "instances": [
        {
          "schema_version": 0,
          "attributes": {
            "disable_dependent_services": null,
            "disable_on_destroy": true,
            "id": "integrationproject2-project2/container.googleapis.com",
            "project": "integrationproject2-project2",
            "service": "container.googleapis.com",
            "timeouts": null
          },
          "sensitive_attributes": [],
          "private": "eyJlMmJmYjczMC1lY2FhLTExZTYtOGY4OC0zNDM2M2JjN2M0YzAiOnsiY3JlYXRlIjoxMjAwMDAwMDAwMDAwLCJkZWxldGUiOjEyMDAwMDAwMDAwMDAsInJlYWQiOjYwMDAwMDAwMDAwMCwidXBkYXRlIjoxMjAwMDAwMDAwMDAwfX0="
        }
      ]
    },
    {
      "mode": "managed",
      "type": "google_project_service",
      "name": "resource_manager",
      "provider": "provider[\"registry.terraform.io/hashicorp/google\"]",
      "instances": [
        {
          "schema_version": 0,
          "attributes": {
            "disable_dependent_services": null,
            "disable_on_destroy": true,
            "id": "integrationproject2-project2/cloudresourcemanager.googleapis.com",
            "project": "integrationproject2-project2",
            "service": "cloudresourcemanager.googleapis.com",
            "timeouts": null
          },
          "sensitive_attributes": [],
          "private": "eyJlMmJmYjczMC1lY2FhLTExZTYtOGY4OC0zNDM2M2JjN2M0YzAiOnsiY3JlYXRlIjoxMjAwMDAwMDAwMDAwLCJkZWxldGUiOjEyMDAwMDAwMDAwMDAsInJlYWQiOjYwMDAwMDAwMDAwMCwidXBkYXRlIjoxMjAwMDAwMDAwMDAwfX0="
        }
      ]
    },
    {
      "mode": "managed",
      "type": "google_project_service",
      "name": "service_networking",
      "provider": "provider[\"registry.terraform.io/hashicorp/google\"]",
      "instances": [
        {
          "schema_version": 0,
          "attributes": {
            "disable_dependent_services": null,
            "disable_on_destroy": true,
            "id": "integrationproject2-project2/servicenetworking.googleapis.com",
            "project": "integrationproject2-project2",
            "service": "servicenetworking.googleapis.com",
            "timeouts": null
          },
          "sensitive_attributes": [],
          "private": "eyJlMmJmYjczMC1lY2FhLTExZTYtOGY4OC0zNDM2M2JjN2M0YzAiOnsiY3JlYXRlIjoxMjAwMDAwMDAwMDAwLCJkZWxldGUiOjEyMDAwMDAwMDAwMDAsInJlYWQiOjYwMDAwMDAwMDAwMCwidXBkYXRlIjoxMjAwMDAwMDAwMDAwfX0="
        }
      ]
    },
    {
      "mode": "managed",
      "type": "google_sql_database",
      "name": "database-postgresql",
      "provider": "provider[\"registry.terraform.io/hashicorp/google\"]",
      "instances": [
        {
          "schema_version": 0,
          "attributes": {
            "charset": "UTF8",
            "collation": "en_US.UTF8",
            "id": "projects/integrationproject2-project2/instances/cloud-sql-instance/databases/database-postgresql",
            "instance": "cloud-sql-instance",
            "name": "database-postgresql",
            "project": "integrationproject2-project2",
            "self_link": "https://www.googleapis.com/sql/v1beta4/projects/integrationproject2-project2/instances/cloud-sql-instance/databases/database-postgresql",
            "timeouts": null
          },
          "sensitive_attributes": [],
          "private": "eyJlMmJmYjczMC1lY2FhLTExZTYtOGY4OC0zNDM2M2JjN2M0YzAiOnsiY3JlYXRlIjo5MDAwMDAwMDAwMDAsImRlbGV0ZSI6NjAwMDAwMDAwMDAwLCJ1cGRhdGUiOjYwMDAwMDAwMDAwMH19",
          "dependencies": [
            "google_sql_database_instance.cloud-sql-instance"
          ]
        }
      ]
    },
    {
      "mode": "managed",
      "type": "google_sql_database_instance",
      "name": "cloud-sql-instance",
      "provider": "provider[\"registry.terraform.io/hashicorp/google\"]",
      "instances": [
        {
          "schema_version": 0,
          "attributes": {
            "connection_name": "integrationproject2-project2:us-central1:cloud-sql-instance",
            "database_version": "POSTGRES_17",
            "first_ip_address": "34.46.222.116",
            "id": "cloud-sql-instance",
            "ip_address": [
              {
                "ip_address": "34.46.222.116",
                "time_to_retire": "",
                "type": "PRIMARY"
              },
              {
                "ip_address": "34.55.114.36",
                "time_to_retire": "",
                "type": "OUTGOING"
              }
            ],
            "master_instance_name": "",
            "name": "cloud-sql-instance",
            "private_ip_address": "",
            "project": "integrationproject2-project2",
            "public_ip_address": "34.46.222.116",
            "region": "us-central1",
            "replica_configuration": [],
            "self_link": "https://www.googleapis.com/sql/v1beta4/projects/integrationproject2-project2/instances/cloud-sql-instance",
            "server_ca_cert": [
              {
                "cert": "-----BEGIN CERTIFICATE-----\nMIIDfzCCAmegAwIBAgIBADANBgkqhkiG9w0BAQsFADB3MS0wKwYDVQQuEyQ1NDFj\nZDA3My1jODNiLTQ4YWItYWY2ZC03ZjBmMmY2NDA0NmIxIzAhBgNVBAMTGkdvb2ds\nZSBDbG91ZCBTUUwgU2VydmVyIENBMRQwEgYDVQQKEwtHb29nbGUsIEluYzELMAkG\nA1UEBhMCVVMwHhcNMjQxMTE3MTUxNzE1WhcNMzQxMTE1MTUxODE1WjB3MS0wKwYD\nVQQuEyQ1NDFjZDA3My1jODNiLTQ4YWItYWY2ZC03ZjBmMmY2NDA0NmIxIzAhBgNV\nBAMTGkdvb2dsZSBDbG91ZCBTUUwgU2VydmVyIENBMRQwEgYDVQQKEwtHb29nbGUs\nIEluYzELMAkGA1UEBhMCVVMwggEiMA0GCSqGSIb3DQEBAQUAA4IBDwAwggEKAoIB\nAQDfhzeNwGwhmbZX2+/9FFnECOljCrKmCpFAr7lHoxQHpSWxamEc/FdIoQckTNxN\nFPwCDEtRIYXxAuVvf/zPenb0E3CjeLkiYjJC6RE4IIPS0CxSgAVgAvBrBbtMygva\nxsALYHXpmf4h3ASZvbip+5/GRY38GJI0gGKY7CjoCBGqEPV80FCBruF96892wM1a\nP9EQDPtAA3wSevWvbpI/ESfKUlnbxi+eN3m7hfZXE9Ap7Kanzx/GP8WVK0vRRBnc\nBzdYeoSInB9H/lgyzJcNAYZs1ITWEnA4p72CO6h0JyA6MBL9sR9FgUVG9f7TsCzR\nVImTp9N20Tvb50PIDTMe5hW9AgMBAAGjFjAUMBIGA1UdEwEB/wQIMAYBAf8CAQAw\nDQYJKoZIhvcNAQELBQADggEBAHUU4vAkE6pKtvHS1VWbXTNbRFwcqJ/HCwI2Keqr\n8AjzY7+BT7WUQy9zLCm8XqhkdXOG75VdpviSrf+MwZ/QMFv/xj/TB9Pqv0zk9yJN\nNOT/wgXnRIfN0MLMYlguS1WAwUTFTmVs8hY3QHn1xTl2ddKsVWYG5j3XPNxUcHQL\n4tnAvyLfNNcIFuE3JUKO7MbIER2qYstVg/r52ADy+xyOGO2IUzOFo2dyPkUDrn33\nJYSyKr1HfFIfTkyNCkZN04Dycii8e7wD+0AoQrlQAxe2rEZPJsdb7GNk+oNRINSk\nQHyy8Ux1ZRCQyf1WvGRSU/xqEkLDMb1x8KB8hfI1esEXnrM=\n-----END CERTIFICATE-----",
                "common_name": "C=US,O=Google\\, Inc,CN=Google Cloud SQL Server CA,dnQualifier=541cd073-c83b-48ab-af6d-7f0f2f64046b",
                "create_time": "2024-11-17T15:17:15.052Z",
                "expiration_time": "2034-11-15T15:18:15.052Z",
                "sha1_fingerprint": "f175cf665c700652d4e3cfba9b7945c5996f2021"
              }
            ],
            "service_account_email_address": "p260903989176-lidwrs@gcp-sa-cloud-sql.iam.gserviceaccount.com",
            "settings": [
              {
                "activation_policy": "ALWAYS",
                "authorized_gae_applications": null,
                "availability_type": "ZONAL",
                "backup_configuration": [
                  {
                    "binary_log_enabled": false,
                    "enabled": true,
                    "location": "",
                    "start_time": "21:00"
                  }
                ],
                "crash_safe_replication": false,
                "database_flags": [],
                "disk_autoresize": true,
                "disk_size": 10,
                "disk_type": "PD_SSD",
                "ip_configuration": [
                  {
                    "authorized_networks": [],
                    "ipv4_enabled": true,
                    "private_network": "",
                    "require_ssl": false
                  }
                ],
                "location_preference": [
                  {
                    "follow_gae_application": "",
                    "zone": "us-central1-f"
                  }
                ],
                "maintenance_window": [],
                "pricing_plan": "PER_USE",
                "replication_type": "SYNCHRONOUS",
                "tier": "db-perf-optimized-N-2",
                "user_labels": null,
                "version": 1
              }
            ],
            "timeouts": null
          },
          "sensitive_attributes": [],
          "private": "eyJlMmJmYjczMC1lY2FhLTExZTYtOGY4OC0zNDM2M2JjN2M0YzAiOnsiY3JlYXRlIjoxMjAwMDAwMDAwMDAwLCJkZWxldGUiOjEyMDAwMDAwMDAwMDAsInVwZGF0ZSI6MTIwMDAwMDAwMDAwMH19"
        }
      ]
    },
    {
      "mode": "managed",
      "type": "google_sql_user",
      "name": "database-user",
      "provider": "provider[\"registry.terraform.io/hashicorp/google\"]",
      "instances": [
        {
          "schema_version": 1,
          "attributes": {
            "host": "",
            "id": "database-user//cloud-sql-instance",
            "instance": "cloud-sql-instance",
            "name": "database-user",
            "password": "123",
            "project": "integrationproject2-project2"
          },
          "sensitive_attributes": [
            [
              {
                "type": "get_attr",
                "value": "password"
              }
            ]
          ],
          "private": "eyJzY2hlbWFfdmVyc2lvbiI6IjEifQ==",
          "dependencies": [
            "google_sql_database_instance.cloud-sql-instance"
          ]
        }
      ]
    }
  ],
  "check_results": null
}
